
Microsoft Visual Studio Solution File, Format Version 12.00
# Visual Studio 2013
VisualStudioVersion = 12.0.31101.0
MinimumVisualStudioVersion = 10.0.40219.1
Project("{FAE04EC0-301F-11D3-BF4B-00C04F79EFBC}") = "AHDB.UI", "AHDB.UI\AHDB.UI.csproj", "{4B5A00FF-5E56-4D8D-B0B3-29BC1D2080DB}"
EndProject
Project("{FAE04EC0-301F-11D3-BF4B-00C04F79EFBC}") = "AHDB.Data", "AHDB.Data\AHDB.Data.csproj", "{5A4F2A29-8507-49E5-ABDA-D8397A2A29BF}"
EndProject
Project("{FAE04EC0-301F-11D3-BF4B-00C04F79EFBC}") = "AHDB.DataTransfer", "AHDB.DataTransfer\AHDB.DataTransfer.csproj", "{0E2AC915-5CFE-4F23-A48B-163F22001D0E}"
EndProject
Project("{FAE04EC0-301F-11D3-BF4B-00C04F79EFBC}") = "AHDB.Business", "AHDB.Business\AHDB.Business.csproj", "{923FC08E-228B-424A-87C9-218C1E9FC72E}"
EndProject
Project("{FAE04EC0-301F-11D3-BF4B-00C04F79EFBC}") = "AHDBService", "AHDBService\AHDBService.csproj", "{AAD79047-9EC8-4763-BE13-0BBDB43ECC23}"
EndProject
Global
	GlobalSection(SolutionConfigurationPlatforms) = preSolution
		Debug|Any CPU = Debug|Any CPU
		Release|Any CPU = Release|Any CPU
	EndGlobalSection
	GlobalSection(ProjectConfigurationPlatforms) = postSolution
		{4B5A00FF-5E56-4D8D-B0B3-29BC1D2080DB}.Debug|Any CPU.ActiveCfg = Debug|Any CPU
		{4B5A00FF-5E56-4D8D-B0B3-29BC1D2080DB}.Debug|Any CPU.Build.0 = Debug|Any CPU
		{4B5A00FF-5E56-4D8D-B0B3-29BC1D2080DB}.Release|Any CPU.ActiveCfg = Release|Any CPU
		{4B5A00FF-5E56-4D8D-B0B3-29BC1D2080DB}.Release|Any CPU.Build.0 = Release|Any CPU
		{5A4F2A29-8507-49E5-ABDA-D8397A2A29BF}.Debug|Any CPU.ActiveCfg = Debug|Any CPU
		{5A4F2A29-8507-49E5-ABDA-D8397A2A29BF}.Debug|Any CPU.Build.0 = Debug|Any CPU
		{5A4F2A29-8507-49E5-ABDA-D8397A2A29BF}.Release|Any CPU.ActiveCfg = Release|Any CPU
		{5A4F2A29-8507-49E5-ABDA-D8397A2A29BF}.Release|Any CPU.Build.0 = Release|Any CPU
		{0E2AC915-5CFE-4F23-A48B-163F22001D0E}.Debug|Any CPU.ActiveCfg = Debug|Any CPU
		{0E2AC915-5CFE-4F23-A48B-163F22001D0E}.Debug|Any CPU.Build.0 = Debug|Any CPU
		{0E2AC915-5CFE-4F23-A48B-163F22001D0E}.Release|Any CPU.ActiveCfg = Release|Any CPU
		{0E2AC915-5CFE-4F23-A48B-163F22001D0E}.Release|Any CPU.Build.0 = Release|Any CPU
		{923FC08E-228B-424A-87C9-218C1E9FC72E}.Debug|Any CPU.ActiveCfg = Debug|Any CPU
		{923FC08E-228B-424A-87C9-218C1E9FC72E}.Debug|Any CPU.Build.0 = Debug|Any CPU
		{923FC08E-228B-424A-87C9-218C1E9FC72E}.Release|Any CPU.ActiveCfg = Release|Any CPU
		{923FC08E-228B-424A-87C9-218C1E9FC72E}.Release|Any CPU.Build.0 = Release|Any CPU
		{AAD79047-9EC8-4763-BE13-0BBDB43ECC23}.Debug|Any CPU.ActiveCfg = Debug|Any CPU
		{AAD79047-9EC8-4763-BE13-0BBDB43ECC23}.Debug|Any CPU.Build.0 = Debug|Any CPU
		{AAD79047-9EC8-4763-BE13-0BBDB43ECC23}.Release|Any CPU.ActiveCfg = Release|Any CPU
		{AAD79047-9EC8-4763-BE13-0BBDB43ECC23}.Release|Any CPU.Build.0 = Release|Any CPU
	EndGlobalSection
	GlobalSection(SolutionProperties) = preSolution
		HideSolutionNode = FALSE
	EndGlobalSection
EndGlobal
